// !$*UTF8*$!
{
	archiveVersion = 1;
	classes = {
	};
	objectVersion = 56;
	objects = {

/* Begin PBXBuildFile section */
		64394EB32C7ED6A8006D10E2 /* AccountViewModel.swift in Sources */ = {isa = PBXBuildFile; fileRef = 64394EB22C7ED6A8006D10E2 /* AccountViewModel.swift */; };
		64394EB52C7ED77D006D10E2 /* String+Ext.swift in Sources */ = {isa = PBXBuildFile; fileRef = 64394EB42C7ED77D006D10E2 /* String+Ext.swift */; };
		649A95572C82EC8000BA6152 /* EmptyState.swift in Sources */ = {isa = PBXBuildFile; fileRef = 649A95562C82EC8000BA6152 /* EmptyState.swift */; };
		64CFB7BE2C79A5CD00DA12F9 /* AppetizersApp.swift in Sources */ = {isa = PBXBuildFile; fileRef = 64CFB7BD2C79A5CD00DA12F9 /* AppetizersApp.swift */; };
		64CFB7C02C79A5CD00DA12F9 /* AppetizersTabView.swift in Sources */ = {isa = PBXBuildFile; fileRef = 64CFB7BF2C79A5CD00DA12F9 /* AppetizersTabView.swift */; };
		64CFB7C22C79A5CE00DA12F9 /* Assets.xcassets in Resources */ = {isa = PBXBuildFile; fileRef = 64CFB7C12C79A5CE00DA12F9 /* Assets.xcassets */; };
		64CFB7C52C79A5CE00DA12F9 /* Preview Assets.xcassets in Resources */ = {isa = PBXBuildFile; fileRef = 64CFB7C42C79A5CE00DA12F9 /* Preview Assets.xcassets */; };
		64CFB7CF2C79A5CE00DA12F9 /* AppetizersTests.swift in Sources */ = {isa = PBXBuildFile; fileRef = 64CFB7CE2C79A5CE00DA12F9 /* AppetizersTests.swift */; };
		64CFB7D92C79A5CE00DA12F9 /* AppetizersUITests.swift in Sources */ = {isa = PBXBuildFile; fileRef = 64CFB7D82C79A5CE00DA12F9 /* AppetizersUITests.swift */; };
		64CFB7DB2C79A5CE00DA12F9 /* AppetizersUITestsLaunchTests.swift in Sources */ = {isa = PBXBuildFile; fileRef = 64CFB7DA2C79A5CE00DA12F9 /* AppetizersUITestsLaunchTests.swift */; };
		64CFB7E82C79A64000DA12F9 /* AppetizerListView.swift in Sources */ = {isa = PBXBuildFile; fileRef = 64CFB7E72C79A64000DA12F9 /* AppetizerListView.swift */; };
		64CFB7EA2C79A65400DA12F9 /* AccountView.swift in Sources */ = {isa = PBXBuildFile; fileRef = 64CFB7E92C79A65400DA12F9 /* AccountView.swift */; };
		64CFB7EC2C79A65E00DA12F9 /* OrderView.swift in Sources */ = {isa = PBXBuildFile; fileRef = 64CFB7EB2C79A65E00DA12F9 /* OrderView.swift */; };
		64CFB7EE2C79AECB00DA12F9 /* Appetizer.swift in Sources */ = {isa = PBXBuildFile; fileRef = 64CFB7ED2C79AECB00DA12F9 /* Appetizer.swift */; };
		64CFB7F02C79B65200DA12F9 /* AppetizerListCell.swift in Sources */ = {isa = PBXBuildFile; fileRef = 64CFB7EF2C79B65200DA12F9 /* AppetizerListCell.swift */; };
		64CFB7F22C7C14E300DA12F9 /* NetworkManager.swift in Sources */ = {isa = PBXBuildFile; fileRef = 64CFB7F12C7C14E300DA12F9 /* NetworkManager.swift */; };
		64CFB7F42C7C15E400DA12F9 /* APError.swift in Sources */ = {isa = PBXBuildFile; fileRef = 64CFB7F32C7C15E400DA12F9 /* APError.swift */; };
		64CFB7F62C7C275E00DA12F9 /* AppetizerListViewModel.swift in Sources */ = {isa = PBXBuildFile; fileRef = 64CFB7F52C7C275D00DA12F9 /* AppetizerListViewModel.swift */; };
		64CFB7F82C7C2DE800DA12F9 /* Alert.swift in Sources */ = {isa = PBXBuildFile; fileRef = 64CFB7F72C7C2DE800DA12F9 /* Alert.swift */; };
		64CFB7FA2C7C322D00DA12F9 /* ActivityIndicator.swift in Sources */ = {isa = PBXBuildFile; fileRef = 64CFB7F92C7C322D00DA12F9 /* ActivityIndicator.swift */; };
		64CFB7FC2C7C32BB00DA12F9 /* Color+Ext.swift in Sources */ = {isa = PBXBuildFile; fileRef = 64CFB7FB2C7C32BB00DA12F9 /* Color+Ext.swift */; };
		64CFB7FE2C7C3B0600DA12F9 /* RemoveImage.swift in Sources */ = {isa = PBXBuildFile; fileRef = 64CFB7FD2C7C3B0600DA12F9 /* RemoveImage.swift */; };
		64CFB80D2C7C53B100DA12F9 /* AppetizerDetailView.swift in Sources */ = {isa = PBXBuildFile; fileRef = 64CFB80C2C7C53B100DA12F9 /* AppetizerDetailView.swift */; };
		64CFB8102C7C646C00DA12F9 /* APButton.swift in Sources */ = {isa = PBXBuildFile; fileRef = 64CFB80F2C7C646C00DA12F9 /* APButton.swift */; };
		64CFB8122C7C661300DA12F9 /* XDismissButton.swift in Sources */ = {isa = PBXBuildFile; fileRef = 64CFB8112C7C661300DA12F9 /* XDismissButton.swift */; };
		64DE08E92C82E34A008C2BD1 /* User.swift in Sources */ = {isa = PBXBuildFile; fileRef = 64DE08E82C82E34A008C2BD1 /* User.swift */; };
		64F4428A2C83014500678FC6 /* Order.swift in Sources */ = {isa = PBXBuildFile; fileRef = 64F442892C83014500678FC6 /* Order.swift */; };
/* End PBXBuildFile section */

/* Begin PBXContainerItemProxy section */
		64CFB7CB2C79A5CE00DA12F9 /* PBXContainerItemProxy */ = {
			isa = PBXContainerItemProxy;
			containerPortal = 64CFB7B22C79A5CD00DA12F9 /* Project object */;
			proxyType = 1;
			remoteGlobalIDString = 64CFB7B92C79A5CD00DA12F9;
			remoteInfo = Appetizers;
		};
		64CFB7D52C79A5CE00DA12F9 /* PBXContainerItemProxy */ = {
			isa = PBXContainerItemProxy;
			containerPortal = 64CFB7B22C79A5CD00DA12F9 /* Project object */;
			proxyType = 1;
			remoteGlobalIDString = 64CFB7B92C79A5CD00DA12F9;
			remoteInfo = Appetizers;
		};
/* End PBXContainerItemProxy section */

/* Begin PBXFileReference section */
		64394EB22C7ED6A8006D10E2 /* AccountViewModel.swift */ = {isa = PBXFileReference; lastKnownFileType = sourcecode.swift; path = AccountViewModel.swift; sourceTree = "<group>"; };
		64394EB42C7ED77D006D10E2 /* String+Ext.swift */ = {isa = PBXFileReference; lastKnownFileType = sourcecode.swift; path = "String+Ext.swift"; sourceTree = "<group>"; };
		649A95562C82EC8000BA6152 /* EmptyState.swift */ = {isa = PBXFileReference; lastKnownFileType = sourcecode.swift; path = EmptyState.swift; sourceTree = "<group>"; };
		64CFB7BA2C79A5CD00DA12F9 /* Appetizers.app */ = {isa = PBXFileReference; explicitFileType = wrapper.application; includeInIndex = 0; path = Appetizers.app; sourceTree = BUILT_PRODUCTS_DIR; };
		64CFB7BD2C79A5CD00DA12F9 /* AppetizersApp.swift */ = {isa = PBXFileReference; lastKnownFileType = sourcecode.swift; path = AppetizersApp.swift; sourceTree = "<group>"; };
		64CFB7BF2C79A5CD00DA12F9 /* AppetizersTabView.swift */ = {isa = PBXFileReference; lastKnownFileType = sourcecode.swift; path = AppetizersTabView.swift; sourceTree = "<group>"; };
		64CFB7C12C79A5CE00DA12F9 /* Assets.xcassets */ = {isa = PBXFileReference; lastKnownFileType = folder.assetcatalog; path = Assets.xcassets; sourceTree = "<group>"; };
		64CFB7C42C79A5CE00DA12F9 /* Preview Assets.xcassets */ = {isa = PBXFileReference; lastKnownFileType = folder.assetcatalog; path = "Preview Assets.xcassets"; sourceTree = "<group>"; };
		64CFB7CA2C79A5CE00DA12F9 /* AppetizersTests.xctest */ = {isa = PBXFileReference; explicitFileType = wrapper.cfbundle; includeInIndex = 0; path = AppetizersTests.xctest; sourceTree = BUILT_PRODUCTS_DIR; };
		64CFB7CE2C79A5CE00DA12F9 /* AppetizersTests.swift */ = {isa = PBXFileReference; lastKnownFileType = sourcecode.swift; path = AppetizersTests.swift; sourceTree = "<group>"; };
		64CFB7D42C79A5CE00DA12F9 /* AppetizersUITests.xctest */ = {isa = PBXFileReference; explicitFileType = wrapper.cfbundle; includeInIndex = 0; path = AppetizersUITests.xctest; sourceTree = BUILT_PRODUCTS_DIR; };
		64CFB7D82C79A5CE00DA12F9 /* AppetizersUITests.swift */ = {isa = PBXFileReference; lastKnownFileType = sourcecode.swift; path = AppetizersUITests.swift; sourceTree = "<group>"; };
		64CFB7DA2C79A5CE00DA12F9 /* AppetizersUITestsLaunchTests.swift */ = {isa = PBXFileReference; lastKnownFileType = sourcecode.swift; path = AppetizersUITestsLaunchTests.swift; sourceTree = "<group>"; };
		64CFB7E72C79A64000DA12F9 /* AppetizerListView.swift */ = {isa = PBXFileReference; lastKnownFileType = sourcecode.swift; path = AppetizerListView.swift; sourceTree = "<group>"; };
		64CFB7E92C79A65400DA12F9 /* AccountView.swift */ = {isa = PBXFileReference; lastKnownFileType = sourcecode.swift; path = AccountView.swift; sourceTree = "<group>"; };
		64CFB7EB2C79A65E00DA12F9 /* OrderView.swift */ = {isa = PBXFileReference; lastKnownFileType = sourcecode.swift; path = OrderView.swift; sourceTree = "<group>"; };
		64CFB7ED2C79AECB00DA12F9 /* Appetizer.swift */ = {isa = PBXFileReference; lastKnownFileType = sourcecode.swift; path = Appetizer.swift; sourceTree = "<group>"; };
		64CFB7EF2C79B65200DA12F9 /* AppetizerListCell.swift */ = {isa = PBXFileReference; lastKnownFileType = sourcecode.swift; path = AppetizerListCell.swift; sourceTree = "<group>"; };
		64CFB7F12C7C14E300DA12F9 /* NetworkManager.swift */ = {isa = PBXFileReference; lastKnownFileType = sourcecode.swift; path = NetworkManager.swift; sourceTree = "<group>"; };
		64CFB7F32C7C15E400DA12F9 /* APError.swift */ = {isa = PBXFileReference; lastKnownFileType = sourcecode.swift; path = APError.swift; sourceTree = "<group>"; };
		64CFB7F52C7C275D00DA12F9 /* AppetizerListViewModel.swift */ = {isa = PBXFileReference; lastKnownFileType = sourcecode.swift; path = AppetizerListViewModel.swift; sourceTree = "<group>"; };
		64CFB7F72C7C2DE800DA12F9 /* Alert.swift */ = {isa = PBXFileReference; lastKnownFileType = sourcecode.swift; path = Alert.swift; sourceTree = "<group>"; };
		64CFB7F92C7C322D00DA12F9 /* ActivityIndicator.swift */ = {isa = PBXFileReference; lastKnownFileType = sourcecode.swift; path = ActivityIndicator.swift; sourceTree = "<group>"; };
		64CFB7FB2C7C32BB00DA12F9 /* Color+Ext.swift */ = {isa = PBXFileReference; lastKnownFileType = sourcecode.swift; path = "Color+Ext.swift"; sourceTree = "<group>"; };
		64CFB7FD2C7C3B0600DA12F9 /* RemoveImage.swift */ = {isa = PBXFileReference; lastKnownFileType = sourcecode.swift; path = RemoveImage.swift; sourceTree = "<group>"; };
		64CFB80C2C7C53B100DA12F9 /* AppetizerDetailView.swift */ = {isa = PBXFileReference; lastKnownFileType = sourcecode.swift; path = AppetizerDetailView.swift; sourceTree = "<group>"; };
		64CFB80F2C7C646C00DA12F9 /* APButton.swift */ = {isa = PBXFileReference; lastKnownFileType = sourcecode.swift; path = APButton.swift; sourceTree = "<group>"; };
		64CFB8112C7C661300DA12F9 /* XDismissButton.swift */ = {isa = PBXFileReference; lastKnownFileType = sourcecode.swift; path = XDismissButton.swift; sourceTree = "<group>"; };
		64DE08E82C82E34A008C2BD1 /* User.swift */ = {isa = PBXFileReference; lastKnownFileType = sourcecode.swift; path = User.swift; sourceTree = "<group>"; };
		64F442892C83014500678FC6 /* Order.swift */ = {isa = PBXFileReference; lastKnownFileType = sourcecode.swift; path = Order.swift; sourceTree = "<group>"; };
/* End PBXFileReference section */

/* Begin PBXFrameworksBuildPhase section */
		64CFB7B72C79A5CD00DA12F9 /* Frameworks */ = {
			isa = PBXFrameworksBuildPhase;
			buildActionMask = 2147483647;
			files = (
			);
			runOnlyForDeploymentPostprocessing = 0;
		};
		64CFB7C72C79A5CE00DA12F9 /* Frameworks */ = {
			isa = PBXFrameworksBuildPhase;
			buildActionMask = 2147483647;
			files = (
			);
			runOnlyForDeploymentPostprocessing = 0;
		};
		64CFB7D12C79A5CE00DA12F9 /* Frameworks */ = {
			isa = PBXFrameworksBuildPhase;
			buildActionMask = 2147483647;
			files = (
			);
			runOnlyForDeploymentPostprocessing = 0;
		};
/* End PBXFrameworksBuildPhase section */

/* Begin PBXGroup section */
		649A95552C82EC6C00BA6152 /* Empty States */ = {
			isa = PBXGroup;
			children = (
				649A95562C82EC8000BA6152 /* EmptyState.swift */,
			);
			path = "Empty States";
			sourceTree = "<group>";
		};
		64CFB7B12C79A5CD00DA12F9 = {
			isa = PBXGroup;
			children = (
				64CFB7BC2C79A5CD00DA12F9 /* Appetizers */,
				64CFB7CD2C79A5CE00DA12F9 /* AppetizersTests */,
				64CFB7D72C79A5CE00DA12F9 /* AppetizersUITests */,
				64CFB7BB2C79A5CD00DA12F9 /* Products */,
			);
			sourceTree = "<group>";
		};
		64CFB7BB2C79A5CD00DA12F9 /* Products */ = {
			isa = PBXGroup;
			children = (
				64CFB7BA2C79A5CD00DA12F9 /* Appetizers.app */,
				64CFB7CA2C79A5CE00DA12F9 /* AppetizersTests.xctest */,
				64CFB7D42C79A5CE00DA12F9 /* AppetizersUITests.xctest */,
			);
			name = Products;
			sourceTree = "<group>";
		};
		64CFB7BC2C79A5CD00DA12F9 /* Appetizers */ = {
			isa = PBXGroup;
			children = (
				64CFB80B2C7C527C00DA12F9 /* Model */,
				64CFB8032C7C51B600DA12F9 /* Utilities */,
				64CFB8072C7C523C00DA12F9 /* Views */,
				64CFB7FF2C7C515D00DA12F9 /* Screens */,
				64CFB7BD2C79A5CD00DA12F9 /* AppetizersApp.swift */,
				64CFB7C12C79A5CE00DA12F9 /* Assets.xcassets */,
				64CFB7C32C79A5CE00DA12F9 /* Preview Content */,
			);
			path = Appetizers;
			sourceTree = "<group>";
		};
		64CFB7C32C79A5CE00DA12F9 /* Preview Content */ = {
			isa = PBXGroup;
			children = (
				64CFB7C42C79A5CE00DA12F9 /* Preview Assets.xcassets */,
			);
			path = "Preview Content";
			sourceTree = "<group>";
		};
		64CFB7CD2C79A5CE00DA12F9 /* AppetizersTests */ = {
			isa = PBXGroup;
			children = (
				64CFB7CE2C79A5CE00DA12F9 /* AppetizersTests.swift */,
			);
			path = AppetizersTests;
			sourceTree = "<group>";
		};
		64CFB7D72C79A5CE00DA12F9 /* AppetizersUITests */ = {
			isa = PBXGroup;
			children = (
				64CFB7D82C79A5CE00DA12F9 /* AppetizersUITests.swift */,
				64CFB7DA2C79A5CE00DA12F9 /* AppetizersUITestsLaunchTests.swift */,
			);
			path = AppetizersUITests;
			sourceTree = "<group>";
		};
		64CFB7FF2C7C515D00DA12F9 /* Screens */ = {
			isa = PBXGroup;
			children = (
				64CFB7BF2C79A5CD00DA12F9 /* AppetizersTabView.swift */,
				64CFB8022C7C517900DA12F9 /* OrderView */,
				64CFB8012C7C517300DA12F9 /* AccountView */,
				64CFB8002C7C516C00DA12F9 /* AppetizersListView */,
			);
			path = Screens;
			sourceTree = "<group>";
		};
		64CFB8002C7C516C00DA12F9 /* AppetizersListView */ = {
			isa = PBXGroup;
			children = (
				64CFB7F52C7C275D00DA12F9 /* AppetizerListViewModel.swift */,
				64CFB7E72C79A64000DA12F9 /* AppetizerListView.swift */,
				64CFB80C2C7C53B100DA12F9 /* AppetizerDetailView.swift */,
			);
			path = AppetizersListView;
			sourceTree = "<group>";
		};
		64CFB8012C7C517300DA12F9 /* AccountView */ = {
			isa = PBXGroup;
			children = (
				64CFB7E92C79A65400DA12F9 /* AccountView.swift */,
				64394EB22C7ED6A8006D10E2 /* AccountViewModel.swift */,
			);
			path = AccountView;
			sourceTree = "<group>";
		};
		64CFB8022C7C517900DA12F9 /* OrderView */ = {
			isa = PBXGroup;
			children = (
				64CFB7EB2C79A65E00DA12F9 /* OrderView.swift */,
			);
			path = OrderView;
			sourceTree = "<group>";
		};
		64CFB8032C7C51B600DA12F9 /* Utilities */ = {
			isa = PBXGroup;
			children = (
				64CFB8062C7C51D000DA12F9 /* Alerts */,
				64CFB8052C7C51C200DA12F9 /* Managers */,
				64CFB8042C7C51BC00DA12F9 /* Extensions */,
			);
			path = Utilities;
			sourceTree = "<group>";
		};
		64CFB8042C7C51BC00DA12F9 /* Extensions */ = {
			isa = PBXGroup;
			children = (
				64CFB7FB2C7C32BB00DA12F9 /* Color+Ext.swift */,
				64394EB42C7ED77D006D10E2 /* String+Ext.swift */,
			);
			path = Extensions;
			sourceTree = "<group>";
		};
		64CFB8052C7C51C200DA12F9 /* Managers */ = {
			isa = PBXGroup;
			children = (
				64CFB7F12C7C14E300DA12F9 /* NetworkManager.swift */,
			);
			path = Managers;
			sourceTree = "<group>";
		};
		64CFB8062C7C51D000DA12F9 /* Alerts */ = {
			isa = PBXGroup;
			children = (
				64CFB7F72C7C2DE800DA12F9 /* Alert.swift */,
				64CFB7F32C7C15E400DA12F9 /* APError.swift */,
			);
			path = Alerts;
			sourceTree = "<group>";
		};
		64CFB8072C7C523C00DA12F9 /* Views */ = {
			isa = PBXGroup;
			children = (
				649A95552C82EC6C00BA6152 /* Empty States */,
				64CFB80E2C7C645E00DA12F9 /* Buttons */,
				64CFB80A2C7C525600DA12F9 /* UIKit Components */,
				64CFB8092C7C525000DA12F9 /* Cells */,
				64CFB8082C7C524000DA12F9 /* Image */,
			);
			path = Views;
			sourceTree = "<group>";
		};
		64CFB8082C7C524000DA12F9 /* Image */ = {
			isa = PBXGroup;
			children = (
				64CFB7FD2C7C3B0600DA12F9 /* RemoveImage.swift */,
			);
			path = Image;
			sourceTree = "<group>";
		};
		64CFB8092C7C525000DA12F9 /* Cells */ = {
			isa = PBXGroup;
			children = (
				64CFB7EF2C79B65200DA12F9 /* AppetizerListCell.swift */,
			);
			path = Cells;
			sourceTree = "<group>";
		};
		64CFB80A2C7C525600DA12F9 /* UIKit Components */ = {
			isa = PBXGroup;
			children = (
				64CFB7F92C7C322D00DA12F9 /* ActivityIndicator.swift */,
			);
			path = "UIKit Components";
			sourceTree = "<group>";
		};
		64CFB80B2C7C527C00DA12F9 /* Model */ = {
			isa = PBXGroup;
			children = (
				64CFB7ED2C79AECB00DA12F9 /* Appetizer.swift */,
				64DE08E82C82E34A008C2BD1 /* User.swift */,
				64F442892C83014500678FC6 /* Order.swift */,
			);
			path = Model;
			sourceTree = "<group>";
		};
		64CFB80E2C7C645E00DA12F9 /* Buttons */ = {
			isa = PBXGroup;
			children = (
				64CFB80F2C7C646C00DA12F9 /* APButton.swift */,
				64CFB8112C7C661300DA12F9 /* XDismissButton.swift */,
			);
			path = Buttons;
			sourceTree = "<group>";
		};
/* End PBXGroup section */

/* Begin PBXNativeTarget section */
		64CFB7B92C79A5CD00DA12F9 /* Appetizers */ = {
			isa = PBXNativeTarget;
			buildConfigurationList = 64CFB7DE2C79A5CE00DA12F9 /* Build configuration list for PBXNativeTarget "Appetizers" */;
			buildPhases = (
				64CFB7B62C79A5CD00DA12F9 /* Sources */,
				64CFB7B72C79A5CD00DA12F9 /* Frameworks */,
				64CFB7B82C79A5CD00DA12F9 /* Resources */,
			);
			buildRules = (
			);
			dependencies = (
			);
			name = Appetizers;
			productName = Appetizers;
			productReference = 64CFB7BA2C79A5CD00DA12F9 /* Appetizers.app */;
			productType = "com.apple.product-type.application";
		};
		64CFB7C92C79A5CE00DA12F9 /* AppetizersTests */ = {
			isa = PBXNativeTarget;
			buildConfigurationList = 64CFB7E12C79A5CE00DA12F9 /* Build configuration list for PBXNativeTarget "AppetizersTests" */;
			buildPhases = (
				64CFB7C62C79A5CE00DA12F9 /* Sources */,
				64CFB7C72C79A5CE00DA12F9 /* Frameworks */,
				64CFB7C82C79A5CE00DA12F9 /* Resources */,
			);
			buildRules = (
			);
			dependencies = (
				64CFB7CC2C79A5CE00DA12F9 /* PBXTargetDependency */,
			);
			name = AppetizersTests;
			productName = AppetizersTests;
			productReference = 64CFB7CA2C79A5CE00DA12F9 /* AppetizersTests.xctest */;
			productType = "com.apple.product-type.bundle.unit-test";
		};
		64CFB7D32C79A5CE00DA12F9 /* AppetizersUITests */ = {
			isa = PBXNativeTarget;
			buildConfigurationList = 64CFB7E42C79A5CE00DA12F9 /* Build configuration list for PBXNativeTarget "AppetizersUITests" */;
			buildPhases = (
				64CFB7D02C79A5CE00DA12F9 /* Sources */,
				64CFB7D12C79A5CE00DA12F9 /* Frameworks */,
				64CFB7D22C79A5CE00DA12F9 /* Resources */,
			);
			buildRules = (
			);
			dependencies = (
				64CFB7D62C79A5CE00DA12F9 /* PBXTargetDependency */,
			);
			name = AppetizersUITests;
			productName = AppetizersUITests;
			productReference = 64CFB7D42C79A5CE00DA12F9 /* AppetizersUITests.xctest */;
			productType = "com.apple.product-type.bundle.ui-testing";
		};
/* End PBXNativeTarget section */

/* Begin PBXProject section */
		64CFB7B22C79A5CD00DA12F9 /* Project object */ = {
			isa = PBXProject;
			attributes = {
				BuildIndependentTargetsInParallel = 1;
				LastSwiftUpdateCheck = 1540;
				LastUpgradeCheck = 1540;
				TargetAttributes = {
					64CFB7B92C79A5CD00DA12F9 = {
						CreatedOnToolsVersion = 15.4;
					};
					64CFB7C92C79A5CE00DA12F9 = {
						CreatedOnToolsVersion = 15.4;
						TestTargetID = 64CFB7B92C79A5CD00DA12F9;
					};
					64CFB7D32C79A5CE00DA12F9 = {
						CreatedOnToolsVersion = 15.4;
						TestTargetID = 64CFB7B92C79A5CD00DA12F9;
					};
				};
			};
			buildConfigurationList = 64CFB7B52C79A5CD00DA12F9 /* Build configuration list for PBXProject "Appetizers" */;
			compatibilityVersion = "Xcode 14.0";
			developmentRegion = en;
			hasScannedForEncodings = 0;
			knownRegions = (
				en,
				Base,
			);
			mainGroup = 64CFB7B12C79A5CD00DA12F9;
			productRefGroup = 64CFB7BB2C79A5CD00DA12F9 /* Products */;
			projectDirPath = "";
			projectRoot = "";
			targets = (
				64CFB7B92C79A5CD00DA12F9 /* Appetizers */,
				64CFB7C92C79A5CE00DA12F9 /* AppetizersTests */,
				64CFB7D32C79A5CE00DA12F9 /* AppetizersUITests */,
			);
		};
/* End PBXProject section */

/* Begin PBXResourcesBuildPhase section */
		64CFB7B82C79A5CD00DA12F9 /* Resources */ = {
			isa = PBXResourcesBuildPhase;
			buildActionMask = 2147483647;
			files = (
				64CFB7C52C79A5CE00DA12F9 /* Preview Assets.xcassets in Resources */,
				64CFB7C22C79A5CE00DA12F9 /* Assets.xcassets in Resources */,
			);
			runOnlyForDeploymentPostprocessing = 0;
		};
		64CFB7C82C79A5CE00DA12F9 /* Resources */ = {
			isa = PBXResourcesBuildPhase;
			buildActionMask = 2147483647;
			files = (
			);
			runOnlyForDeploymentPostprocessing = 0;
		};
		64CFB7D22C79A5CE00DA12F9 /* Resources */ = {
			isa = PBXResourcesBuildPhase;
			buildActionMask = 2147483647;
			files = (
			);
			runOnlyForDeploymentPostprocessing = 0;
		};
/* End PBXResourcesBuildPhase section */

/* Begin PBXSourcesBuildPhase section */
		64CFB7B62C79A5CD00DA12F9 /* Sources */ = {
			isa = PBXSourcesBuildPhase;
			buildActionMask = 2147483647;
			files = (
				64CFB7EA2C79A65400DA12F9 /* AccountView.swift in Sources */,
				64CFB7F42C7C15E400DA12F9 /* APError.swift in Sources */,
				64CFB8122C7C661300DA12F9 /* XDismissButton.swift in Sources */,
				64CFB7F02C79B65200DA12F9 /* AppetizerListCell.swift in Sources */,
				64F4428A2C83014500678FC6 /* Order.swift in Sources */,
				64394EB32C7ED6A8006D10E2 /* AccountViewModel.swift in Sources */,
				64CFB7FE2C7C3B0600DA12F9 /* RemoveImage.swift in Sources */,
				64CFB7F62C7C275E00DA12F9 /* AppetizerListViewModel.swift in Sources */,
				64CFB7FC2C7C32BB00DA12F9 /* Color+Ext.swift in Sources */,
				64DE08E92C82E34A008C2BD1 /* User.swift in Sources */,
				64CFB8102C7C646C00DA12F9 /* APButton.swift in Sources */,
				64CFB7FA2C7C322D00DA12F9 /* ActivityIndicator.swift in Sources */,
				64CFB7C02C79A5CD00DA12F9 /* AppetizersTabView.swift in Sources */,
				64CFB7BE2C79A5CD00DA12F9 /* AppetizersApp.swift in Sources */,
				64CFB7F22C7C14E300DA12F9 /* NetworkManager.swift in Sources */,
				64394EB52C7ED77D006D10E2 /* String+Ext.swift in Sources */,
				64CFB80D2C7C53B100DA12F9 /* AppetizerDetailView.swift in Sources */,
				64CFB7E82C79A64000DA12F9 /* AppetizerListView.swift in Sources */,
				649A95572C82EC8000BA6152 /* EmptyState.swift in Sources */,
				64CFB7F82C7C2DE800DA12F9 /* Alert.swift in Sources */,
				64CFB7EE2C79AECB00DA12F9 /* Appetizer.swift in Sources */,
				64CFB7EC2C79A65E00DA12F9 /* OrderView.swift in Sources */,
			);
			runOnlyForDeploymentPostprocessing = 0;
		};
		64CFB7C62C79A5CE00DA12F9 /* Sources */ = {
			isa = PBXSourcesBuildPhase;
			buildActionMask = 2147483647;
			files = (
				64CFB7CF2C79A5CE00DA12F9 /* AppetizersTests.swift in Sources */,
			);
			runOnlyForDeploymentPostprocessing = 0;
		};
		64CFB7D02C79A5CE00DA12F9 /* Sources */ = {
			isa = PBXSourcesBuildPhase;
			buildActionMask = 2147483647;
			files = (
				64CFB7D92C79A5CE00DA12F9 /* AppetizersUITests.swift in Sources */,
				64CFB7DB2C79A5CE00DA12F9 /* AppetizersUITestsLaunchTests.swift in Sources */,
			);
			runOnlyForDeploymentPostprocessing = 0;
		};
/* End PBXSourcesBuildPhase section */

/* Begin PBXTargetDependency section */
		64CFB7CC2C79A5CE00DA12F9 /* PBXTargetDependency */ = {
			isa = PBXTargetDependency;
			target = 64CFB7B92C79A5CD00DA12F9 /* Appetizers */;
			targetProxy = 64CFB7CB2C79A5CE00DA12F9 /* PBXContainerItemProxy */;
		};
		64CFB7D62C79A5CE00DA12F9 /* PBXTargetDependency */ = {
			isa = PBXTargetDependency;
			target = 64CFB7B92C79A5CD00DA12F9 /* Appetizers */;
			targetProxy = 64CFB7D52C79A5CE00DA12F9 /* PBXContainerItemProxy */;
		};
/* End PBXTargetDependency section */

/* Begin XCBuildConfiguration section */
		64CFB7DC2C79A5CE00DA12F9 /* Debug */ = {
			isa = XCBuildConfiguration;
			buildSettings = {
				ALWAYS_SEARCH_USER_PATHS = NO;
				ASSETCATALOG_COMPILER_GENERATE_SWIFT_ASSET_SYMBOL_EXTENSIONS = YES;
				CLANG_ANALYZER_NONNULL = YES;
				CLANG_ANALYZER_NUMBER_OBJECT_CONVERSION = YES_AGGRESSIVE;
				CLANG_CXX_LANGUAGE_STANDARD = "gnu++20";
				CLANG_ENABLE_MODULES = YES;
				CLANG_ENABLE_OBJC_ARC = YES;
				CLANG_ENABLE_OBJC_WEAK = YES;
				CLANG_WARN_BLOCK_CAPTURE_AUTORELEASING = YES;
				CLANG_WARN_BOOL_CONVERSION = YES;
				CLANG_WARN_COMMA = YES;
				CLANG_WARN_CONSTANT_CONVERSION = YES;
				CLANG_WARN_DEPRECATED_OBJC_IMPLEMENTATIONS = YES;
				CLANG_WARN_DIRECT_OBJC_ISA_USAGE = YES_ERROR;
				CLANG_WARN_DOCUMENTATION_COMMENTS = YES;
				CLANG_WARN_EMPTY_BODY = YES;
				CLANG_WARN_ENUM_CONVERSION = YES;
				CLANG_WARN_INFINITE_RECURSION = YES;
				CLANG_WARN_INT_CONVERSION = YES;
				CLANG_WARN_NON_LITERAL_NULL_CONVERSION = YES;
				CLANG_WARN_OBJC_IMPLICIT_RETAIN_SELF = YES;
				CLANG_WARN_OBJC_LITERAL_CONVERSION = YES;
				CLANG_WARN_OBJC_ROOT_CLASS = YES_ERROR;
				CLANG_WARN_QUOTED_INCLUDE_IN_FRAMEWORK_HEADER = YES;
				CLANG_WARN_RANGE_LOOP_ANALYSIS = YES;
				CLANG_WARN_STRICT_PROTOTYPES = YES;
				CLANG_WARN_SUSPICIOUS_MOVE = YES;
				CLANG_WARN_UNGUARDED_AVAILABILITY = YES_AGGRESSIVE;
				CLANG_WARN_UNREACHABLE_CODE = YES;
				CLANG_WARN__DUPLICATE_METHOD_MATCH = YES;
				COPY_PHASE_STRIP = NO;
				DEBUG_INFORMATION_FORMAT = dwarf;
				ENABLE_STRICT_OBJC_MSGSEND = YES;
				ENABLE_TESTABILITY = YES;
				ENABLE_USER_SCRIPT_SANDBOXING = YES;
				GCC_C_LANGUAGE_STANDARD = gnu17;
				GCC_DYNAMIC_NO_PIC = NO;
				GCC_NO_COMMON_BLOCKS = YES;
				GCC_OPTIMIZATION_LEVEL = 0;
				GCC_PREPROCESSOR_DEFINITIONS = (
					"DEBUG=1",
					"$(inherited)",
				);
				GCC_WARN_64_TO_32_BIT_CONVERSION = YES;
				GCC_WARN_ABOUT_RETURN_TYPE = YES_ERROR;
				GCC_WARN_UNDECLARED_SELECTOR = YES;
				GCC_WARN_UNINITIALIZED_AUTOS = YES_AGGRESSIVE;
				GCC_WARN_UNUSED_FUNCTION = YES;
				GCC_WARN_UNUSED_VARIABLE = YES;
				IPHONEOS_DEPLOYMENT_TARGET = 16.0;
				LOCALIZATION_PREFERS_STRING_CATALOGS = YES;
				MTL_ENABLE_DEBUG_INFO = INCLUDE_SOURCE;
				MTL_FAST_MATH = YES;
				ONLY_ACTIVE_ARCH = YES;
				SDKROOT = iphoneos;
				SWIFT_ACTIVE_COMPILATION_CONDITIONS = "DEBUG $(inherited)";
				SWIFT_OPTIMIZATION_LEVEL = "-Onone";
			};
			name = Debug;
		};
		64CFB7DD2C79A5CE00DA12F9 /* Release */ = {
			isa = XCBuildConfiguration;
			buildSettings = {
				ALWAYS_SEARCH_USER_PATHS = NO;
				ASSETCATALOG_COMPILER_GENERATE_SWIFT_ASSET_SYMBOL_EXTENSIONS = YES;
				CLANG_ANALYZER_NONNULL = YES;
				CLANG_ANALYZER_NUMBER_OBJECT_CONVERSION = YES_AGGRESSIVE;
				CLANG_CXX_LANGUAGE_STANDARD = "gnu++20";
				CLANG_ENABLE_MODULES = YES;
				CLANG_ENABLE_OBJC_ARC = YES;
				CLANG_ENABLE_OBJC_WEAK = YES;
				CLANG_WARN_BLOCK_CAPTURE_AUTORELEASING = YES;
				CLANG_WARN_BOOL_CONVERSION = YES;
				CLANG_WARN_COMMA = YES;
				CLANG_WARN_CONSTANT_CONVERSION = YES;
				CLANG_WARN_DEPRECATED_OBJC_IMPLEMENTATIONS = YES;
				CLANG_WARN_DIRECT_OBJC_ISA_USAGE = YES_ERROR;
				CLANG_WARN_DOCUMENTATION_COMMENTS = YES;
				CLANG_WARN_EMPTY_BODY = YES;
				CLANG_WARN_ENUM_CONVERSION = YES;
				CLANG_WARN_INFINITE_RECURSION = YES;
				CLANG_WARN_INT_CONVERSION = YES;
				CLANG_WARN_NON_LITERAL_NULL_CONVERSION = YES;
				CLANG_WARN_OBJC_IMPLICIT_RETAIN_SELF = YES;
				CLANG_WARN_OBJC_LITERAL_CONVERSION = YES;
				CLANG_WARN_OBJC_ROOT_CLASS = YES_ERROR;
				CLANG_WARN_QUOTED_INCLUDE_IN_FRAMEWORK_HEADER = YES;
				CLANG_WARN_RANGE_LOOP_ANALYSIS = YES;
				CLANG_WARN_STRICT_PROTOTYPES = YES;
				CLANG_WARN_SUSPICIOUS_MOVE = YES;
				CLANG_WARN_UNGUARDED_AVAILABILITY = YES_AGGRESSIVE;
				CLANG_WARN_UNREACHABLE_CODE = YES;
				CLANG_WARN__DUPLICATE_METHOD_MATCH = YES;
				COPY_PHASE_STRIP = NO;
				DEBUG_INFORMATION_FORMAT = "dwarf-with-dsym";
				ENABLE_NS_ASSERTIONS = NO;
				ENABLE_STRICT_OBJC_MSGSEND = YES;
				ENABLE_USER_SCRIPT_SANDBOXING = YES;
				GCC_C_LANGUAGE_STANDARD = gnu17;
				GCC_NO_COMMON_BLOCKS = YES;
				GCC_WARN_64_TO_32_BIT_CONVERSION = YES;
				GCC_WARN_ABOUT_RETURN_TYPE = YES_ERROR;
				GCC_WARN_UNDECLARED_SELECTOR = YES;
				GCC_WARN_UNINITIALIZED_AUTOS = YES_AGGRESSIVE;
				GCC_WARN_UNUSED_FUNCTION = YES;
				GCC_WARN_UNUSED_VARIABLE = YES;
				IPHONEOS_DEPLOYMENT_TARGET = 16.0;
				LOCALIZATION_PREFERS_STRING_CATALOGS = YES;
				MTL_ENABLE_DEBUG_INFO = NO;
				MTL_FAST_MATH = YES;
				SDKROOT = iphoneos;
				SWIFT_COMPILATION_MODE = wholemodule;
				VALIDATE_PRODUCT = YES;
			};
			name = Release;
		};
		64CFB7DF2C79A5CE00DA12F9 /* Debug */ = {
			isa = XCBuildConfiguration;
			buildSettings = {
				ASSETCATALOG_COMPILER_APPICON_NAME = AppIcon;
				ASSETCATALOG_COMPILER_GLOBAL_ACCENT_COLOR_NAME = AccentColor;
				CODE_SIGN_STYLE = Automatic;
				CURRENT_PROJECT_VERSION = 1;
				DEVELOPMENT_ASSET_PATHS = "\"Appetizers/Preview Content\"";
				DEVELOPMENT_TEAM = YNP2LTY8TA;
				ENABLE_PREVIEWS = YES;
				GENERATE_INFOPLIST_FILE = YES;
				INFOPLIST_KEY_UIApplicationSceneManifest_Generation = YES;
				INFOPLIST_KEY_UIApplicationSupportsIndirectInputEvents = YES;
				INFOPLIST_KEY_UILaunchScreen_Generation = YES;
				INFOPLIST_KEY_UISupportedInterfaceOrientations_iPad = "UIInterfaceOrientationPortrait UIInterfaceOrientationPortraitUpsideDown UIInterfaceOrientationLandscapeLeft UIInterfaceOrientationLandscapeRight";
				INFOPLIST_KEY_UISupportedInterfaceOrientations_iPhone = "UIInterfaceOrientationPortrait UIInterfaceOrientationLandscapeLeft UIInterfaceOrientationLandscapeRight";
				IPHONEOS_DEPLOYMENT_TARGET = 16.0;
				LD_RUNPATH_SEARCH_PATHS = (
					"$(inherited)",
					"@executable_path/Frameworks",
				);
				MARKETING_VERSION = 1.0;
				PRODUCT_BUNDLE_IDENTIFIER = com.nhuthq.Appetizers;
				PRODUCT_NAME = "$(TARGET_NAME)";
				SWIFT_EMIT_LOC_STRINGS = YES;
				SWIFT_VERSION = 5.0;
				TARGETED_DEVICE_FAMILY = "1,2";
			};
			name = Debug;
		};
		64CFB7E02C79A5CE00DA12F9 /* Release */ = {
			isa = XCBuildConfiguration;
			buildSettings = {
				ASSETCATALOG_COMPILER_APPICON_NAME = AppIcon;
				ASSETCATALOG_COMPILER_GLOBAL_ACCENT_COLOR_NAME = AccentColor;
				CODE_SIGN_STYLE = Automatic;
				CURRENT_PROJECT_VERSION = 1;
				DEVELOPMENT_ASSET_PATHS = "\"Appetizers/Preview Content\"";
				DEVELOPMENT_TEAM = YNP2LTY8TA;
				ENABLE_PREVIEWS = YES;
				GENERATE_INFOPLIST_FILE = YES;
				INFOPLIST_KEY_UIApplicationSceneManifest_Generation = YES;
				INFOPLIST_KEY_UIApplicationSupportsIndirectInputEvents = YES;
				INFOPLIST_KEY_UILaunchScreen_Generation = YES;
				INFOPLIST_KEY_UISupportedInterfaceOrientations_iPad = "UIInterfaceOrientationPortrait UIInterfaceOrientationPortraitUpsideDown UIInterfaceOrientationLandscapeLeft UIInterfaceOrientationLandscapeRight";
				INFOPLIST_KEY_UISupportedInterfaceOrientations_iPhone = "UIInterfaceOrientationPortrait UIInterfaceOrientationLandscapeLeft UIInterfaceOrientationLandscapeRight";
				IPHONEOS_DEPLOYMENT_TARGET = 16.0;
				LD_RUNPATH_SEARCH_PATHS = (
					"$(inherited)",
					"@executable_path/Frameworks",
				);
				MARKETING_VERSION = 1.0;
				PRODUCT_BUNDLE_IDENTIFIER = com.nhuthq.Appetizers;
				PRODUCT_NAME = "$(TARGET_NAME)";
				SWIFT_EMIT_LOC_STRINGS = YES;
				SWIFT_VERSION = 5.0;
				TARGETED_DEVICE_FAMILY = "1,2";
			};
			name = Release;
		};
		64CFB7E22C79A5CE00DA12F9 /* Debug */ = {
			isa = XCBuildConfiguration;
			buildSettings = {
				ALWAYS_EMBED_SWIFT_STANDARD_LIBRARIES = YES;
				BUNDLE_LOADER = "$(TEST_HOST)";
				CODE_SIGN_STYLE = Automatic;
				CURRENT_PROJECT_VERSION = 1;
				DEVELOPMENT_TEAM = YNP2LTY8TA;
				GENERATE_INFOPLIST_FILE = YES;
				IPHONEOS_DEPLOYMENT_TARGET = 17.5;
				MARKETING_VERSION = 1.0;
				PRODUCT_BUNDLE_IDENTIFIER = com.nhuthq.AppetizersTests;
				PRODUCT_NAME = "$(TARGET_NAME)";
				SWIFT_EMIT_LOC_STRINGS = NO;
				SWIFT_VERSION = 5.0;
				TARGETED_DEVICE_FAMILY = "1,2";
				TEST_HOST = "$(BUILT_PRODUCTS_DIR)/Appetizers.app/$(BUNDLE_EXECUTABLE_FOLDER_PATH)/Appetizers";
			};
			name = Debug;
		};
		64CFB7E32C79A5CE00DA12F9 /* Release */ = {
			isa = XCBuildConfiguration;
			buildSettings = {
				ALWAYS_EMBED_SWIFT_STANDARD_LIBRARIES = YES;
				BUNDLE_LOADER = "$(TEST_HOST)";
				CODE_SIGN_STYLE = Automatic;
				CURRENT_PROJECT_VERSION = 1;
				DEVELOPMENT_TEAM = YNP2LTY8TA;
				GENERATE_INFOPLIST_FILE = YES;
				IPHONEOS_DEPLOYMENT_TARGET = 17.5;
				MARKETING_VERSION = 1.0;
				PRODUCT_BUNDLE_IDENTIFIER = com.nhuthq.AppetizersTests;
				PRODUCT_NAME = "$(TARGET_NAME)";
				SWIFT_EMIT_LOC_STRINGS = NO;
				SWIFT_VERSION = 5.0;
				TARGETED_DEVICE_FAMILY = "1,2";
				TEST_HOST = "$(BUILT_PRODUCTS_DIR)/Appetizers.app/$(BUNDLE_EXECUTABLE_FOLDER_PATH)/Appetizers";
			};
			name = Release;
		};
		64CFB7E52C79A5CE00DA12F9 /* Debug */ = {
			isa = XCBuildConfiguration;
			buildSettings = {
				ALWAYS_EMBED_SWIFT_STANDARD_LIBRARIES = YES;
				CODE_SIGN_STYLE = Automatic;
				CURRENT_PROJECT_VERSION = 1;
				DEVELOPMENT_TEAM = YNP2LTY8TA;
				GENERATE_INFOPLIST_FILE = YES;
				MARKETING_VERSION = 1.0;
				PRODUCT_BUNDLE_IDENTIFIER = com.nhuthq.AppetizersUITests;
				PRODUCT_NAME = "$(TARGET_NAME)";
				SWIFT_EMIT_LOC_STRINGS = NO;
				SWIFT_VERSION = 5.0;
				TARGETED_DEVICE_FAMILY = "1,2";
				TEST_TARGET_NAME = Appetizers;
			};
			name = Debug;
		};
		64CFB7E62C79A5CE00DA12F9 /* Release */ = {
			isa = XCBuildConfiguration;
			buildSettings = {
				ALWAYS_EMBED_SWIFT_STANDARD_LIBRARIES = YES;
				CODE_SIGN_STYLE = Automatic;
				CURRENT_PROJECT_VERSION = 1;
				DEVELOPMENT_TEAM = YNP2LTY8TA;
				GENERATE_INFOPLIST_FILE = YES;
				MARKETING_VERSION = 1.0;
				PRODUCT_BUNDLE_IDENTIFIER = com.nhuthq.AppetizersUITests;
				PRODUCT_NAME = "$(TARGET_NAME)";
				SWIFT_EMIT_LOC_STRINGS = NO;
				SWIFT_VERSION = 5.0;
				TARGETED_DEVICE_FAMILY = "1,2";
				TEST_TARGET_NAME = Appetizers;
			};
			name = Release;
		};
/* End XCBuildConfiguration section */

/* Begin XCConfigurationList section */
		64CFB7B52C79A5CD00DA12F9 /* Build configuration list for PBXProject "Appetizers" */ = {
			isa = XCConfigurationList;
			buildConfigurations = (
				64CFB7DC2C79A5CE00DA12F9 /* Debug */,
				64CFB7DD2C79A5CE00DA12F9 /* Release */,
			);
			defaultConfigurationIsVisible = 0;
			defaultConfigurationName = Release;
		};
		64CFB7DE2C79A5CE00DA12F9 /* Build configuration list for PBXNativeTarget "Appetizers" */ = {
			isa = XCConfigurationList;
			buildConfigurations = (
				64CFB7DF2C79A5CE00DA12F9 /* Debug */,
				64CFB7E02C79A5CE00DA12F9 /* Release */,
			);
			defaultConfigurationIsVisible = 0;
			defaultConfigurationName = Release;
		};
		64CFB7E12C79A5CE00DA12F9 /* Build configuration list for PBXNativeTarget "AppetizersTests" */ = {
			isa = XCConfigurationList;
			buildConfigurations = (
				64CFB7E22C79A5CE00DA12F9 /* Debug */,
				64CFB7E32C79A5CE00DA12F9 /* Release */,
			);
			defaultConfigurationIsVisible = 0;
			defaultConfigurationName = Release;
		};
		64CFB7E42C79A5CE00DA12F9 /* Build configuration list for PBXNativeTarget "AppetizersUITests" */ = {
			isa = XCConfigurationList;
			buildConfigurations = (
				64CFB7E52C79A5CE00DA12F9 /* Debug */,
				64CFB7E62C79A5CE00DA12F9 /* Release */,
			);
			defaultConfigurationIsVisible = 0;
			defaultConfigurationName = Release;
		};
/* End XCConfigurationList section */
	};
	rootObject = 64CFB7B22C79A5CD00DA12F9 /* Project object */;
}
